// !$*UTF8*$!
{
	archiveVersion = 1;
	classes = {
	};
	objectVersion = 56;
	objects = {

/* Begin PBXBuildFile section */
		2DBEADD32B8BD87E00C3742B /* AppDelegate.swift in Sources */ = {isa = PBXBuildFile; fileRef = 2DBEADD22B8BD87E00C3742B /* AppDelegate.swift */; };
		2DBEADD52B8BD87E00C3742B /* SceneDelegate.swift in Sources */ = {isa = PBXBuildFile; fileRef = 2DBEADD42B8BD87E00C3742B /* SceneDelegate.swift */; };
		2DBEADD72B8BD87E00C3742B /* ViewController.swift in Sources */ = {isa = PBXBuildFile; fileRef = 2DBEADD62B8BD87E00C3742B /* ViewController.swift */; };
		2DBEADDA2B8BD87E00C3742B /* Main.storyboard in Resources */ = {isa = PBXBuildFile; fileRef = 2DBEADD82B8BD87E00C3742B /* Main.storyboard */; };
		2DBEADDD2B8BD87E00C3742B /* To_Do_List_App.xcdatamodeld in Sources */ = {isa = PBXBuildFile; fileRef = 2DBEADDB2B8BD87E00C3742B /* To_Do_List_App.xcdatamodeld */; };
		2DBEADDF2B8BD88000C3742B /* Assets.xcassets in Resources */ = {isa = PBXBuildFile; fileRef = 2DBEADDE2B8BD88000C3742B /* Assets.xcassets */; };
		2DBEADE22B8BD88000C3742B /* LaunchScreen.storyboard in Resources */ = {isa = PBXBuildFile; fileRef = 2DBEADE02B8BD88000C3742B /* LaunchScreen.storyboard */; };
		2DBEADEB2B8BDA0600C3742B /* ToDoListItem+CoreDataClass.swift in Sources */ = {isa = PBXBuildFile; fileRef = 2DBEADE92B8BDA0600C3742B /* ToDoListItem+CoreDataClass.swift */; };
		2DBEADEC2B8BDA0600C3742B /* ToDoListItem+CoreDataProperties.swift in Sources */ = {isa = PBXBuildFile; fileRef = 2DBEADEA2B8BDA0600C3742B /* ToDoListItem+CoreDataProperties.swift */; };
/* End PBXBuildFile section */

/* Begin PBXFileReference section */
		2DBEADCF2B8BD87E00C3742B /* To_Do_List_App.app */ = {isa = PBXFileReference; explicitFileType = wrapper.application; includeInIndex = 0; path = To_Do_List_App.app; sourceTree = BUILT_PRODUCTS_DIR; };
		2DBEADD22B8BD87E00C3742B /* AppDelegate.swift */ = {isa = PBXFileReference; lastKnownFileType = sourcecode.swift; path = AppDelegate.swift; sourceTree = "<group>"; };
		2DBEADD42B8BD87E00C3742B /* SceneDelegate.swift */ = {isa = PBXFileReference; lastKnownFileType = sourcecode.swift; path = SceneDelegate.swift; sourceTree = "<group>"; };
		2DBEADD62B8BD87E00C3742B /* ViewController.swift */ = {isa = PBXFileReference; lastKnownFileType = sourcecode.swift; path = ViewController.swift; sourceTree = "<group>"; };
		2DBEADD92B8BD87E00C3742B /* Base */ = {isa = PBXFileReference; lastKnownFileType = file.storyboard; name = Base; path = Base.lproj/Main.storyboard; sourceTree = "<group>"; };
		2DBEADDC2B8BD87E00C3742B /* To_Do_List_App.xcdatamodel */ = {isa = PBXFileReference; lastKnownFileType = wrapper.xcdatamodel; path = To_Do_List_App.xcdatamodel; sourceTree = "<group>"; };
		2DBEADDE2B8BD88000C3742B /* Assets.xcassets */ = {isa = PBXFileReference; lastKnownFileType = folder.assetcatalog; path = Assets.xcassets; sourceTree = "<group>"; };
		2DBEADE12B8BD88000C3742B /* Base */ = {isa = PBXFileReference; lastKnownFileType = file.storyboard; name = Base; path = Base.lproj/LaunchScreen.storyboard; sourceTree = "<group>"; };
		2DBEADE32B8BD88000C3742B /* Info.plist */ = {isa = PBXFileReference; lastKnownFileType = text.plist.xml; path = Info.plist; sourceTree = "<group>"; };
		2DBEADE92B8BDA0600C3742B /* ToDoListItem+CoreDataClass.swift */ = {isa = PBXFileReference; lastKnownFileType = sourcecode.swift; path = "ToDoListItem+CoreDataClass.swift"; sourceTree = "<group>"; };
		2DBEADEA2B8BDA0600C3742B /* ToDoListItem+CoreDataProperties.swift */ = {isa = PBXFileReference; lastKnownFileType = sourcecode.swift; path = "ToDoListItem+CoreDataProperties.swift"; sourceTree = "<group>"; };
/* End PBXFileReference section */

/* Begin PBXFrameworksBuildPhase section */
		2DBEADCC2B8BD87E00C3742B /* Frameworks */ = {
			isa = PBXFrameworksBuildPhase;
			buildActionMask = 2147483647;
			files = (
			);
			runOnlyForDeploymentPostprocessing = 0;
		};
/* End PBXFrameworksBuildPhase section */

/* Begin PBXGroup section */
		2DBEADC62B8BD87E00C3742B = {
			isa = PBXGroup;
			children = (
				2DBEADED2B8BDA9E00C3742B /* ToDoListItem */,
				2DBEADD12B8BD87E00C3742B /* To_Do_List_App */,
				2DBEADD02B8BD87E00C3742B /* Products */,
			);
			sourceTree = "<group>";
		};
		2DBEADD02B8BD87E00C3742B /* Products */ = {
			isa = PBXGroup;
			children = (
				2DBEADCF2B8BD87E00C3742B /* To_Do_List_App.app */,
			);
			name = Products;
			sourceTree = "<group>";
		};
		2DBEADD12B8BD87E00C3742B /* To_Do_List_App */ = {
			isa = PBXGroup;
			children = (
				2DBEADD22B8BD87E00C3742B /* AppDelegate.swift */,
				2DBEADD42B8BD87E00C3742B /* SceneDelegate.swift */,
				2DBEADD62B8BD87E00C3742B /* ViewController.swift */,
				2DBEADD82B8BD87E00C3742B /* Main.storyboard */,
				2DBEADDE2B8BD88000C3742B /* Assets.xcassets */,
				2DBEADE02B8BD88000C3742B /* LaunchScreen.storyboard */,
				2DBEADE32B8BD88000C3742B /* Info.plist */,
				2DBEADDB2B8BD87E00C3742B /* To_Do_List_App.xcdatamodeld */,
			);
			path = To_Do_List_App;
			sourceTree = "<group>";
		};
		2DBEADED2B8BDA9E00C3742B /* ToDoListItem */ = {
			isa = PBXGroup;
			children = (
				2DBEADEA2B8BDA0600C3742B /* ToDoListItem+CoreDataProperties.swift */,
				2DBEADE92B8BDA0600C3742B /* ToDoListItem+CoreDataClass.swift */,
			);
			path = ToDoListItem;
			sourceTree = "<group>";
		};
/* End PBXGroup section */

/* Begin PBXNativeTarget section */
		2DBEADCE2B8BD87E00C3742B /* To_Do_List_App */ = {
			isa = PBXNativeTarget;
			buildConfigurationList = 2DBEADE62B8BD88000C3742B /* Build configuration list for PBXNativeTarget "To_Do_List_App" */;
			buildPhases = (
				2DBEADCB2B8BD87E00C3742B /* Sources */,
				2DBEADCC2B8BD87E00C3742B /* Frameworks */,
				2DBEADCD2B8BD87E00C3742B /* Resources */,
			);
			buildRules = (
			);
			dependencies = (
			);
			name = To_Do_List_App;
			productName = To_Do_List_App;
			productReference = 2DBEADCF2B8BD87E00C3742B /* To_Do_List_App.app */;
			productType = "com.apple.product-type.application";
		};
/* End PBXNativeTarget section */

/* Begin PBXProject section */
		2DBEADC72B8BD87E00C3742B /* Project object */ = {
			isa = PBXProject;
			attributes = {
				BuildIndependentTargetsInParallel = 1;
				LastSwiftUpdateCheck = 1420;
				LastUpgradeCheck = 1420;
				TargetAttributes = {
					2DBEADCE2B8BD87E00C3742B = {
						CreatedOnToolsVersion = 14.2;
					};
				};
			};
			buildConfigurationList = 2DBEADCA2B8BD87E00C3742B /* Build configuration list for PBXProject "To_Do_List_App" */;
			compatibilityVersion = "Xcode 14.0";
			developmentRegion = en;
			hasScannedForEncodings = 0;
			knownRegions = (
				en,
				Base,
			);
			mainGroup = 2DBEADC62B8BD87E00C3742B;
			productRefGroup = 2DBEADD02B8BD87E00C3742B /* Products */;
			projectDirPath = "";
			projectRoot = "";
			targets = (
				2DBEADCE2B8BD87E00C3742B /* To_Do_List_App */,
			);
		};
/* End PBXProject section */

/* Begin PBXResourcesBuildPhase section */
		2DBEADCD2B8BD87E00C3742B /* Resources */ = {
			isa = PBXResourcesBuildPhase;
			buildActionMask = 2147483647;
			files = (
				2DBEADE22B8BD88000C3742B /* LaunchScreen.storyboard in Resources */,
				2DBEADDF2B8BD88000C3742B /* Assets.xcassets in Resources */,
				2DBEADDA2B8BD87E00C3742B /* Main.storyboard in Resources */,
			);
			runOnlyForDeploymentPostprocessing = 0;
		};
/* End PBXResourcesBuildPhase section */

/* Begin PBXSourcesBuildPhase section */
		2DBEADCB2B8BD87E00C3742B /* Sources */ = {
			isa = PBXSourcesBuildPhase;
			buildActionMask = 2147483647;
			files = (
				2DBEADD72B8BD87E00C3742B /* ViewController.swift in Sources */,
				2DBEADD32B8BD87E00C3742B /* AppDelegate.swift in Sources */,
				2DBEADD52B8BD87E00C3742B /* SceneDelegate.swift in Sources */,
				2DBEADEB2B8BDA0600C3742B /* ToDoListItem+CoreDataClass.swift in Sources */,
				2DBEADEC2B8BDA0600C3742B /* ToDoListItem+CoreDataProperties.swift in Sources */,
				2DBEADDD2B8BD87E00C3742B /* To_Do_List_App.xcdatamodeld in Sources */,
			);
			runOnlyForDeploymentPostprocessing = 0;
		};
/* End PBXSourcesBuildPhase section */

/* Begin PBXVariantGroup section */
		2DBEADD82B8BD87E00C3742B /* Main.storyboard */ = {
			isa = PBXVariantGroup;
			children = (
				2DBEADD92B8BD87E00C3742B /* Base */,
			);
			name = Main.storyboard;
			sourceTree = "<group>";
		};
		2DBEADE02B8BD88000C3742B /* LaunchScreen.storyboard */ = {
			isa = PBXVariantGroup;
			children = (
				2DBEADE12B8BD88000C3742B /* Base */,
			);
			name = LaunchScreen.storyboard;
			sourceTree = "<group>";
		};
/* End PBXVariantGroup section */

/* Begin XCBuildConfiguration section */
		2DBEADE42B8BD88000C3742B /* Debug */ = {
			isa = XCBuildConfiguration;
			buildSettings = {
				ALWAYS_SEARCH_USER_PATHS = NO;
				CLANG_ANALYZER_NONNULL = YES;
				CLANG_ANALYZER_NUMBER_OBJECT_CONVERSION = YES_AGGRESSIVE;
				CLANG_CXX_LANGUAGE_STANDARD = "gnu++20";
				CLANG_ENABLE_MODULES = YES;
				CLANG_ENABLE_OBJC_ARC = YES;
				CLANG_ENABLE_OBJC_WEAK = YES;
				CLANG_WARN_BLOCK_CAPTURE_AUTORELEASING = YES;
				CLANG_WARN_BOOL_CONVERSION = YES;
				CLANG_WARN_COMMA = YES;
				CLANG_WARN_CONSTANT_CONVERSION = YES;
				CLANG_WARN_DEPRECATED_OBJC_IMPLEMENTATIONS = YES;
				CLANG_WARN_DIRECT_OBJC_ISA_USAGE = YES_ERROR;
				CLANG_WARN_DOCUMENTATION_COMMENTS = YES;
				CLANG_WARN_EMPTY_BODY = YES;
				CLANG_WARN_ENUM_CONVERSION = YES;
				CLANG_WARN_INFINITE_RECURSION = YES;
				CLANG_WARN_INT_CONVERSION = YES;
				CLANG_WARN_NON_LITERAL_NULL_CONVERSION = YES;
				CLANG_WARN_OBJC_IMPLICIT_RETAIN_SELF = YES;
				CLANG_WARN_OBJC_LITERAL_CONVERSION = YES;
				CLANG_WARN_OBJC_ROOT_CLASS = YES_ERROR;
				CLANG_WARN_QUOTED_INCLUDE_IN_FRAMEWORK_HEADER = YES;
				CLANG_WARN_RANGE_LOOP_ANALYSIS = YES;
				CLANG_WARN_STRICT_PROTOTYPES = YES;
				CLANG_WARN_SUSPICIOUS_MOVE = YES;
				CLANG_WARN_UNGUARDED_AVAILABILITY = YES_AGGRESSIVE;
				CLANG_WARN_UNREACHABLE_CODE = YES;
				CLANG_WARN__DUPLICATE_METHOD_MATCH = YES;
				COPY_PHASE_STRIP = NO;
				DEBUG_INFORMATION_FORMAT = dwarf;
				ENABLE_STRICT_OBJC_MSGSEND = YES;
				ENABLE_TESTABILITY = YES;
				GCC_C_LANGUAGE_STANDARD = gnu11;
				GCC_DYNAMIC_NO_PIC = NO;
				GCC_NO_COMMON_BLOCKS = YES;
				GCC_OPTIMIZATION_LEVEL = 0;
				GCC_PREPROCESSOR_DEFINITIONS = (
					"DEBUG=1",
					"$(inherited)",
				);
				GCC_WARN_64_TO_32_BIT_CONVERSION = YES;
				GCC_WARN_ABOUT_RETURN_TYPE = YES_ERROR;
				GCC_WARN_UNDECLARED_SELECTOR = YES;
				GCC_WARN_UNINITIALIZED_AUTOS = YES_AGGRESSIVE;
				GCC_WARN_UNUSED_FUNCTION = YES;
				GCC_WARN_UNUSED_VARIABLE = YES;
				IPHONEOS_DEPLOYMENT_TARGET = 16.2;
				MTL_ENABLE_DEBUG_INFO = INCLUDE_SOURCE;
				MTL_FAST_MATH = YES;
				ONLY_ACTIVE_ARCH = YES;
				SDKROOT = iphoneos;
				SWIFT_ACTIVE_COMPILATION_CONDITIONS = DEBUG;
				SWIFT_OPTIMIZATION_LEVEL = "-Onone";
			};
			name = Debug;
		};
		2DBEADE52B8BD88000C3742B /* Release */ = {
			isa = XCBuildConfiguration;
			buildSettings = {
				ALWAYS_SEARCH_USER_PATHS = NO;
				CLANG_ANALYZER_NONNULL = YES;
				CLANG_ANALYZER_NUMBER_OBJECT_CONVERSION = YES_AGGRESSIVE;
				CLANG_CXX_LANGUAGE_STANDARD = "gnu++20";
				CLANG_ENABLE_MODULES = YES;
				CLANG_ENABLE_OBJC_ARC = YES;
				CLANG_ENABLE_OBJC_WEAK = YES;
				CLANG_WARN_BLOCK_CAPTURE_AUTORELEASING = YES;
				CLANG_WARN_BOOL_CONVERSION = YES;
				CLANG_WARN_COMMA = YES;
				CLANG_WARN_CONSTANT_CONVERSION = YES;
				CLANG_WARN_DEPRECATED_OBJC_IMPLEMENTATIONS = YES;
				CLANG_WARN_DIRECT_OBJC_ISA_USAGE = YES_ERROR;
				CLANG_WARN_DOCUMENTATION_COMMENTS = YES;
				CLANG_WARN_EMPTY_BODY = YES;
				CLANG_WARN_ENUM_CONVERSION = YES;
				CLANG_WARN_INFINITE_RECURSION = YES;
				CLANG_WARN_INT_CONVERSION = YES;
				CLANG_WARN_NON_LITERAL_NULL_CONVERSION = YES;
				CLANG_WARN_OBJC_IMPLICIT_RETAIN_SELF = YES;
				CLANG_WARN_OBJC_LITERAL_CONVERSION = YES;
				CLANG_WARN_OBJC_ROOT_CLASS = YES_ERROR;
				CLANG_WARN_QUOTED_INCLUDE_IN_FRAMEWORK_HEADER = YES;
				CLANG_WARN_RANGE_LOOP_ANALYSIS = YES;
				CLANG_WARN_STRICT_PROTOTYPES = YES;
				CLANG_WARN_SUSPICIOUS_MOVE = YES;
				CLANG_WARN_UNGUARDED_AVAILABILITY = YES_AGGRESSIVE;
				CLANG_WARN_UNREACHABLE_CODE = YES;
				CLANG_WARN__DUPLICATE_METHOD_MATCH = YES;
				COPY_PHASE_STRIP = NO;
				DEBUG_INFORMATION_FORMAT = "dwarf-with-dsym";
				ENABLE_NS_ASSERTIONS = NO;
				ENABLE_STRICT_OBJC_MSGSEND = YES;
				GCC_C_LANGUAGE_STANDARD = gnu11;
				GCC_NO_COMMON_BLOCKS = YES;
				GCC_WARN_64_TO_32_BIT_CONVERSION = YES;
				GCC_WARN_ABOUT_RETURN_TYPE = YES_ERROR;
				GCC_WARN_UNDECLARED_SELECTOR = YES;
				GCC_WARN_UNINITIALIZED_AUTOS = YES_AGGRESSIVE;
				GCC_WARN_UNUSED_FUNCTION = YES;
				GCC_WARN_UNUSED_VARIABLE = YES;
				IPHONEOS_DEPLOYMENT_TARGET = 16.2;
				MTL_ENABLE_DEBUG_INFO = NO;
				MTL_FAST_MATH = YES;
				SDKROOT = iphoneos;
				SWIFT_COMPILATION_MODE = wholemodule;
				SWIFT_OPTIMIZATION_LEVEL = "-O";
				VALIDATE_PRODUCT = YES;
			};
			name = Release;
		};
		2DBEADE72B8BD88000C3742B /* Debug */ = {
			isa = XCBuildConfiguration;
			buildSettings = {
				ASSETCATALOG_COMPILER_APPICON_NAME = AppIcon;
				ASSETCATALOG_COMPILER_GLOBAL_ACCENT_COLOR_NAME = AccentColor;
				CODE_SIGN_STYLE = Automatic;
				CURRENT_PROJECT_VERSION = 1;
				GENERATE_INFOPLIST_FILE = YES;
				INFOPLIST_FILE = To_Do_List_App/Info.plist;
				INFOPLIST_KEY_UIApplicationSupportsIndirectInputEvents = YES;
				INFOPLIST_KEY_UILaunchStoryboardName = LaunchScreen;
				INFOPLIST_KEY_UIMainStoryboardFile = Main;
				INFOPLIST_KEY_UISupportedInterfaceOrientations_iPad = "UIInterfaceOrientationPortrait UIInterfaceOrientationPortraitUpsideDown UIInterfaceOrientationLandscapeLeft UIInterfaceOrientationLandscapeRight";
				INFOPLIST_KEY_UISupportedInterfaceOrientations_iPhone = "UIInterfaceOrientationPortrait UIInterfaceOrientationLandscapeLeft UIInterfaceOrientationLandscapeRight";
				LD_RUNPATH_SEARCH_PATHS = (
					"$(inherited)",
					"@executable_path/Frameworks",
				);
				MARKETING_VERSION = 1.0;
				PRODUCT_BUNDLE_IDENTIFIER = "com.mhou.To-Do-List-App";
				PRODUCT_NAME = "$(TARGET_NAME)";
				SWIFT_EMIT_LOC_STRINGS = YES;
				SWIFT_VERSION = 5.0;
				TARGETED_DEVICE_FAMILY = "1,2";
			};
			name = Debug;
		};
		2DBEADE82B8BD88000C3742B /* Release */ = {
			isa = XCBuildConfiguration;
			buildSettings = {
				ASSETCATALOG_COMPILER_APPICON_NAME = AppIcon;
				ASSETCATALOG_COMPILER_GLOBAL_ACCENT_COLOR_NAME = AccentColor;
				CODE_SIGN_STYLE = Automatic;
				CURRENT_PROJECT_VERSION = 1;
				GENERATE_INFOPLIST_FILE = YES;
				INFOPLIST_FILE = To_Do_List_App/Info.plist;
				INFOPLIST_KEY_UIApplicationSupportsIndirectInputEvents = YES;
				INFOPLIST_KEY_UILaunchStoryboardName = LaunchScreen;
				INFOPLIST_KEY_UIMainStoryboardFile = Main;
				INFOPLIST_KEY_UISupportedInterfaceOrientations_iPad = "UIInterfaceOrientationPortrait UIInterfaceOrientationPortraitUpsideDown UIInterfaceOrientationLandscapeLeft UIInterfaceOrientationLandscapeRight";
				INFOPLIST_KEY_UISupportedInterfaceOrientations_iPhone = "UIInterfaceOrientationPortrait UIInterfaceOrientationLandscapeLeft UIInterfaceOrientationLandscapeRight";
				LD_RUNPATH_SEARCH_PATHS = (
					"$(inherited)",
					"@executable_path/Frameworks",
				);
				MARKETING_VERSION = 1.0;
				PRODUCT_BUNDLE_IDENTIFIER = "com.mhou.To-Do-List-App";
				PRODUCT_NAME = "$(TARGET_NAME)";
				SWIFT_EMIT_LOC_STRINGS = YES;
				SWIFT_VERSION = 5.0;
				TARGETED_DEVICE_FAMILY = "1,2";
			};
			name = Release;
		};
/* End XCBuildConfiguration section */

/* Begin XCConfigurationList section */
		2DBEADCA2B8BD87E00C3742B /* Build configuration list for PBXProject "To_Do_List_App" */ = {
			isa = XCConfigurationList;
			buildConfigurations = (
				2DBEADE42B8BD88000C3742B /* Debug */,
				2DBEADE52B8BD88000C3742B /* Release */,
			);
			defaultConfigurationIsVisible = 0;
			defaultConfigurationName = Release;
		};
		2DBEADE62B8BD88000C3742B /* Build configuration list for PBXNativeTarget "To_Do_List_App" */ = {
			isa = XCConfigurationList;
			buildConfigurations = (
				2DBEADE72B8BD88000C3742B /* Debug */,
				2DBEADE82B8BD88000C3742B /* Release */,
			);
			defaultConfigurationIsVisible = 0;
			defaultConfigurationName = Release;
		};
/* End XCConfigurationList section */

/* Begin XCVersionGroup section */
		2DBEADDB2B8BD87E00C3742B /* To_Do_List_App.xcdatamodeld */ = {
			isa = XCVersionGroup;
			children = (
				2DBEADDC2B8BD87E00C3742B /* To_Do_List_App.xcdatamodel */,
			);
			currentVersion = 2DBEADDC2B8BD87E00C3742B /* To_Do_List_App.xcdatamodel */;
			path = To_Do_List_App.xcdatamodeld;
			sourceTree = "<group>";
			versionGroupType = wrapper.xcdatamodel;
		};
/* End XCVersionGroup section */
	};
	rootObject = 2DBEADC72B8BD87E00C3742B /* Project object */;
}
